// !$*UTF8*$!
{
	archiveVersion = 1;
	classes = {
	};
	objectVersion = 56;
	objects = {

/* Begin PBXBuildFile section */
		DC0723AC2A756A60007D6430 /* ProfileViewController.swift in Sources */ = {isa = PBXBuildFile; fileRef = DC0723AB2A756A60007D6430 /* ProfileViewController.swift */; };
		DC0723AF2A7583A3007D6430 /* UserModel.swift in Sources */ = {isa = PBXBuildFile; fileRef = DC0723AE2A7583A3007D6430 /* UserModel.swift */; };
		DC3FFEC82A617AC000F3E640 /* AppDelegate.swift in Sources */ = {isa = PBXBuildFile; fileRef = DC3FFEC72A617AC000F3E640 /* AppDelegate.swift */; };
		DC3FFECA2A617AC000F3E640 /* SceneDelegate.swift in Sources */ = {isa = PBXBuildFile; fileRef = DC3FFEC92A617AC000F3E640 /* SceneDelegate.swift */; };
		DC3FFECC2A617AC000F3E640 /* FriendsViewController.swift in Sources */ = {isa = PBXBuildFile; fileRef = DC3FFECB2A617AC000F3E640 /* FriendsViewController.swift */; };
		DC3FFED12A617AC300F3E640 /* Assets.xcassets in Resources */ = {isa = PBXBuildFile; fileRef = DC3FFED02A617AC300F3E640 /* Assets.xcassets */; };
		DC3FFED42A617AC300F3E640 /* LaunchScreen.storyboard in Resources */ = {isa = PBXBuildFile; fileRef = DC3FFED22A617AC300F3E640 /* LaunchScreen.storyboard */; };
		DC90A7FF2A65B68000AF1197 /* AuthViewController.swift in Sources */ = {isa = PBXBuildFile; fileRef = DC90A7FE2A65B68000AF1197 /* AuthViewController.swift */; };
		DCD7277E2A69A5DB00A44624 /* AppConst.swift in Sources */ = {isa = PBXBuildFile; fileRef = DCD7277D2A69A5DB00A44624 /* AppConst.swift */; };
		DCD727802A69ABCE00A44624 /* NetworkService.swift in Sources */ = {isa = PBXBuildFile; fileRef = DCD7277F2A69ABCE00A44624 /* NetworkService.swift */; };
		DCD727832A69AE0B00A44624 /* FriendsModel.swift in Sources */ = {isa = PBXBuildFile; fileRef = DCD727822A69AE0B00A44624 /* FriendsModel.swift */; };
		DCD727852A69B08700A44624 /* GroupsModel.swift in Sources */ = {isa = PBXBuildFile; fileRef = DCD727842A69B08700A44624 /* GroupsModel.swift */; };
		DCD727872A69BE1700A44624 /* PhotosModel.swift in Sources */ = {isa = PBXBuildFile; fileRef = DCD727862A69BE1700A44624 /* PhotosModel.swift */; };
		DCE972C72A6283DD00ED394A /* GroupsViewController.swift in Sources */ = {isa = PBXBuildFile; fileRef = DCE972C62A6283DD00ED394A /* GroupsViewController.swift */; };
		DCE972C92A6283F300ED394A /* PhotosViewController.swift in Sources */ = {isa = PBXBuildFile; fileRef = DCE972C82A6283F300ED394A /* PhotosViewController.swift */; };
		DCFBD99C2A62FF7800ED78AF /* FriendsViewCell.swift in Sources */ = {isa = PBXBuildFile; fileRef = DCFBD99B2A62FF7800ED78AF /* FriendsViewCell.swift */; };
		DCFBD99E2A6306D700ED78AF /* FriendDetailViewController.swift in Sources */ = {isa = PBXBuildFile; fileRef = DCFBD99D2A6306D700ED78AF /* FriendDetailViewController.swift */; };
		DCFBD9A02A63185600ED78AF /* GroupViewCell.swift in Sources */ = {isa = PBXBuildFile; fileRef = DCFBD99F2A63185600ED78AF /* GroupViewCell.swift */; };
		DCFBD9A22A63220400ED78AF /* PhotoViewCell.swift in Sources */ = {isa = PBXBuildFile; fileRef = DCFBD9A12A63220400ED78AF /* PhotoViewCell.swift */; };
/* End PBXBuildFile section */

/* Begin PBXFileReference section */
		DC0723AB2A756A60007D6430 /* ProfileViewController.swift */ = {isa = PBXFileReference; lastKnownFileType = sourcecode.swift; path = ProfileViewController.swift; sourceTree = "<group>"; };
		DC0723AE2A7583A3007D6430 /* UserModel.swift */ = {isa = PBXFileReference; lastKnownFileType = sourcecode.swift; path = UserModel.swift; sourceTree = "<group>"; };
		DC3FFEC42A617AC000F3E640 /* Course 1. Lesson 2.app */ = {isa = PBXFileReference; explicitFileType = wrapper.application; includeInIndex = 0; path = "Course 1. Lesson 2.app"; sourceTree = BUILT_PRODUCTS_DIR; };
		DC3FFEC72A617AC000F3E640 /* AppDelegate.swift */ = {isa = PBXFileReference; lastKnownFileType = sourcecode.swift; path = AppDelegate.swift; sourceTree = "<group>"; };
		DC3FFEC92A617AC000F3E640 /* SceneDelegate.swift */ = {isa = PBXFileReference; lastKnownFileType = sourcecode.swift; path = SceneDelegate.swift; sourceTree = "<group>"; };
		DC3FFECB2A617AC000F3E640 /* FriendsViewController.swift */ = {isa = PBXFileReference; lastKnownFileType = sourcecode.swift; path = FriendsViewController.swift; sourceTree = "<group>"; };
		DC3FFED02A617AC300F3E640 /* Assets.xcassets */ = {isa = PBXFileReference; lastKnownFileType = folder.assetcatalog; path = Assets.xcassets; sourceTree = "<group>"; };
		DC3FFED32A617AC300F3E640 /* Base */ = {isa = PBXFileReference; lastKnownFileType = file.storyboard; name = Base; path = Base.lproj/LaunchScreen.storyboard; sourceTree = "<group>"; };
		DC3FFED52A617AC300F3E640 /* Info.plist */ = {isa = PBXFileReference; lastKnownFileType = text.plist.xml; path = Info.plist; sourceTree = "<group>"; };
		DC90A7FE2A65B68000AF1197 /* AuthViewController.swift */ = {isa = PBXFileReference; lastKnownFileType = sourcecode.swift; path = AuthViewController.swift; sourceTree = "<group>"; };
		DCD7277D2A69A5DB00A44624 /* AppConst.swift */ = {isa = PBXFileReference; lastKnownFileType = sourcecode.swift; path = AppConst.swift; sourceTree = "<group>"; };
		DCD7277F2A69ABCE00A44624 /* NetworkService.swift */ = {isa = PBXFileReference; lastKnownFileType = sourcecode.swift; path = NetworkService.swift; sourceTree = "<group>"; };
		DCD727822A69AE0B00A44624 /* FriendsModel.swift */ = {isa = PBXFileReference; lastKnownFileType = sourcecode.swift; path = FriendsModel.swift; sourceTree = "<group>"; };
		DCD727842A69B08700A44624 /* GroupsModel.swift */ = {isa = PBXFileReference; lastKnownFileType = sourcecode.swift; path = GroupsModel.swift; sourceTree = "<group>"; };
		DCD727862A69BE1700A44624 /* PhotosModel.swift */ = {isa = PBXFileReference; lastKnownFileType = sourcecode.swift; path = PhotosModel.swift; sourceTree = "<group>"; };
		DCE972C62A6283DD00ED394A /* GroupsViewController.swift */ = {isa = PBXFileReference; lastKnownFileType = sourcecode.swift; path = GroupsViewController.swift; sourceTree = "<group>"; };
		DCE972C82A6283F300ED394A /* PhotosViewController.swift */ = {isa = PBXFileReference; lastKnownFileType = sourcecode.swift; path = PhotosViewController.swift; sourceTree = "<group>"; };
		DCFBD99B2A62FF7800ED78AF /* FriendsViewCell.swift */ = {isa = PBXFileReference; lastKnownFileType = sourcecode.swift; path = FriendsViewCell.swift; sourceTree = "<group>"; };
		DCFBD99D2A6306D700ED78AF /* FriendDetailViewController.swift */ = {isa = PBXFileReference; lastKnownFileType = sourcecode.swift; path = FriendDetailViewController.swift; sourceTree = "<group>"; };
		DCFBD99F2A63185600ED78AF /* GroupViewCell.swift */ = {isa = PBXFileReference; lastKnownFileType = sourcecode.swift; path = GroupViewCell.swift; sourceTree = "<group>"; };
		DCFBD9A12A63220400ED78AF /* PhotoViewCell.swift */ = {isa = PBXFileReference; lastKnownFileType = sourcecode.swift; path = PhotoViewCell.swift; sourceTree = "<group>"; };
/* End PBXFileReference section */

/* Begin PBXFrameworksBuildPhase section */
		DC3FFEC12A617ABF00F3E640 /* Frameworks */ = {
			isa = PBXFrameworksBuildPhase;
			buildActionMask = 2147483647;
			files = (
			);
			runOnlyForDeploymentPostprocessing = 0;
		};
/* End PBXFrameworksBuildPhase section */

/* Begin PBXGroup section */
		DC0723AD2A757F78007D6430 /* View */ = {
			isa = PBXGroup;
			children = (
				DCDA242E2A66779900B76DD4 /* FriendsFeature */,
				DCDA242F2A6677DF00B76DD4 /* GroupsFeature */,
				DCDA24302A66780C00B76DD4 /* PhotoFeature */,
			);
			name = View;
			sourceTree = "<group>";
		};
		DC3FFEBB2A617ABF00F3E640 = {
			isa = PBXGroup;
			children = (
				DC3FFEC62A617AC000F3E640 /* Course 1. Lesson 2 */,
				DC3FFEC52A617AC000F3E640 /* Products */,
			);
			sourceTree = "<group>";
		};
		DC3FFEC52A617AC000F3E640 /* Products */ = {
			isa = PBXGroup;
			children = (
				DC3FFEC42A617AC000F3E640 /* Course 1. Lesson 2.app */,
			);
			name = Products;
			sourceTree = "<group>";
		};
		DC3FFEC62A617AC000F3E640 /* Course 1. Lesson 2 */ = {
			isa = PBXGroup;
			children = (
				DC0723AD2A757F78007D6430 /* View */,
				DCD727812A69ADF400A44624 /* Model */,
				DCD7277C2A69A5C600A44624 /* Core */,
				DC3FFEC72A617AC000F3E640 /* AppDelegate.swift */,
				DC3FFEC92A617AC000F3E640 /* SceneDelegate.swift */,
				DC90A7FE2A65B68000AF1197 /* AuthViewController.swift */,
				DC3FFED02A617AC300F3E640 /* Assets.xcassets */,
				DC3FFED22A617AC300F3E640 /* LaunchScreen.storyboard */,
				DC3FFED52A617AC300F3E640 /* Info.plist */,
			);
			path = "Course 1. Lesson 2";
			sourceTree = "<group>";
		};
		DCD7277C2A69A5C600A44624 /* Core */ = {
			isa = PBXGroup;
			children = (
				DCD7277D2A69A5DB00A44624 /* AppConst.swift */,
				DCD7277F2A69ABCE00A44624 /* NetworkService.swift */,
			);
			name = Core;
			sourceTree = "<group>";
		};
		DCD727812A69ADF400A44624 /* Model */ = {
			isa = PBXGroup;
			children = (
				DCD727822A69AE0B00A44624 /* FriendsModel.swift */,
				DCD727842A69B08700A44624 /* GroupsModel.swift */,
				DCD727862A69BE1700A44624 /* PhotosModel.swift */,
				DC0723AE2A7583A3007D6430 /* UserModel.swift */,
			);
			name = Model;
			sourceTree = "<group>";
		};
		DCDA242E2A66779900B76DD4 /* FriendsFeature */ = {
			isa = PBXGroup;
			children = (
				DC3FFECB2A617AC000F3E640 /* FriendsViewController.swift */,
				DCFBD99D2A6306D700ED78AF /* FriendDetailViewController.swift */,
				DCFBD99B2A62FF7800ED78AF /* FriendsViewCell.swift */,
				DC0723AB2A756A60007D6430 /* ProfileViewController.swift */,
			);
			name = FriendsFeature;
			sourceTree = "<group>";
		};
		DCDA242F2A6677DF00B76DD4 /* GroupsFeature */ = {
			isa = PBXGroup;
			children = (
				DCE972C62A6283DD00ED394A /* GroupsViewController.swift */,
				DCFBD99F2A63185600ED78AF /* GroupViewCell.swift */,
			);
			name = GroupsFeature;
			path = ..;
			sourceTree = "<group>";
		};
		DCDA24302A66780C00B76DD4 /* PhotoFeature */ = {
			isa = PBXGroup;
			children = (
				DCE972C82A6283F300ED394A /* PhotosViewController.swift */,
				DCFBD9A12A63220400ED78AF /* PhotoViewCell.swift */,
			);
			name = PhotoFeature;
			path = ..;
			sourceTree = "<group>";
		};
/* End PBXGroup section */

/* Begin PBXNativeTarget section */
		DC3FFEC32A617ABF00F3E640 /* Course 1. Lesson 2 */ = {
			isa = PBXNativeTarget;
			buildConfigurationList = DC3FFED82A617AC300F3E640 /* Build configuration list for PBXNativeTarget "Course 1. Lesson 2" */;
			buildPhases = (
				DC3FFEC02A617ABF00F3E640 /* Sources */,
				DC3FFEC12A617ABF00F3E640 /* Frameworks */,
				DC3FFEC22A617ABF00F3E640 /* Resources */,
			);
			buildRules = (
			);
			dependencies = (
			);
			name = "Course 1. Lesson 2";
			productName = "Course 1. Lesson 2";
			productReference = DC3FFEC42A617AC000F3E640 /* Course 1. Lesson 2.app */;
			productType = "com.apple.product-type.application";
		};
/* End PBXNativeTarget section */

/* Begin PBXProject section */
		DC3FFEBC2A617ABF00F3E640 /* Project object */ = {
			isa = PBXProject;
			attributes = {
				BuildIndependentTargetsInParallel = 1;
				LastSwiftUpdateCheck = 1430;
				LastUpgradeCheck = 1430;
				TargetAttributes = {
					DC3FFEC32A617ABF00F3E640 = {
						CreatedOnToolsVersion = 14.3.1;
					};
				};
			};
			buildConfigurationList = DC3FFEBF2A617ABF00F3E640 /* Build configuration list for PBXProject "Course 1. Lesson 2" */;
			compatibilityVersion = "Xcode 14.0";
			developmentRegion = en;
			hasScannedForEncodings = 0;
			knownRegions = (
				en,
				Base,
			);
			mainGroup = DC3FFEBB2A617ABF00F3E640;
			productRefGroup = DC3FFEC52A617AC000F3E640 /* Products */;
			projectDirPath = "";
			projectRoot = "";
			targets = (
				DC3FFEC32A617ABF00F3E640 /* Course 1. Lesson 2 */,
			);
		};
/* End PBXProject section */

/* Begin PBXResourcesBuildPhase section */
		DC3FFEC22A617ABF00F3E640 /* Resources */ = {
			isa = PBXResourcesBuildPhase;
			buildActionMask = 2147483647;
			files = (
				DC3FFED42A617AC300F3E640 /* LaunchScreen.storyboard in Resources */,
				DC3FFED12A617AC300F3E640 /* Assets.xcassets in Resources */,
			);
			runOnlyForDeploymentPostprocessing = 0;
		};
/* End PBXResourcesBuildPhase section */

/* Begin PBXSourcesBuildPhase section */
		DC3FFEC02A617ABF00F3E640 /* Sources */ = {
			isa = PBXSourcesBuildPhase;
			buildActionMask = 2147483647;
			files = (
				DCFBD99C2A62FF7800ED78AF /* FriendsViewCell.swift in Sources */,
				DCE972C72A6283DD00ED394A /* GroupsViewController.swift in Sources */,
				DC90A7FF2A65B68000AF1197 /* AuthViewController.swift in Sources */,
				DCFBD9A22A63220400ED78AF /* PhotoViewCell.swift in Sources */,
				DC3FFECC2A617AC000F3E640 /* FriendsViewController.swift in Sources */,
				DC3FFEC82A617AC000F3E640 /* AppDelegate.swift in Sources */,
				DC0723AC2A756A60007D6430 /* ProfileViewController.swift in Sources */,
				DC3FFECA2A617AC000F3E640 /* SceneDelegate.swift in Sources */,
				DC0723AF2A7583A3007D6430 /* UserModel.swift in Sources */,
				DCE972C92A6283F300ED394A /* PhotosViewController.swift in Sources */,
				DCFBD9A02A63185600ED78AF /* GroupViewCell.swift in Sources */,
				DCD727832A69AE0B00A44624 /* FriendsModel.swift in Sources */,
				DCFBD99E2A6306D700ED78AF /* FriendDetailViewController.swift in Sources */,
				DCD727872A69BE1700A44624 /* PhotosModel.swift in Sources */,
				DCD727852A69B08700A44624 /* GroupsModel.swift in Sources */,
				DCD727802A69ABCE00A44624 /* NetworkService.swift in Sources */,
				DCD7277E2A69A5DB00A44624 /* AppConst.swift in Sources */,
			);
			runOnlyForDeploymentPostprocessing = 0;
		};
/* End PBXSourcesBuildPhase section */

/* Begin PBXVariantGroup section */
		DC3FFED22A617AC300F3E640 /* LaunchScreen.storyboard */ = {
			isa = PBXVariantGroup;
			children = (
				DC3FFED32A617AC300F3E640 /* Base */,
			);
			name = LaunchScreen.storyboard;
			sourceTree = "<group>";
		};
/* End PBXVariantGroup section */

/* Begin XCBuildConfiguration section */
		DC3FFED62A617AC300F3E640 /* Debug */ = {
			isa = XCBuildConfiguration;
			buildSettings = {
				ALWAYS_SEARCH_USER_PATHS = NO;
				CLANG_ANALYZER_NONNULL = YES;
				CLANG_ANALYZER_NUMBER_OBJECT_CONVERSION = YES_AGGRESSIVE;
				CLANG_CXX_LANGUAGE_STANDARD = "gnu++20";
				CLANG_ENABLE_MODULES = YES;
				CLANG_ENABLE_OBJC_ARC = YES;
				CLANG_ENABLE_OBJC_WEAK = YES;
				CLANG_WARN_BLOCK_CAPTURE_AUTORELEASING = YES;
				CLANG_WARN_BOOL_CONVERSION = YES;
				CLANG_WARN_COMMA = YES;
				CLANG_WARN_CONSTANT_CONVERSION = YES;
				CLANG_WARN_DEPRECATED_OBJC_IMPLEMENTATIONS = YES;
				CLANG_WARN_DIRECT_OBJC_ISA_USAGE = YES_ERROR;
				CLANG_WARN_DOCUMENTATION_COMMENTS = YES;
				CLANG_WARN_EMPTY_BODY = YES;
				CLANG_WARN_ENUM_CONVERSION = YES;
				CLANG_WARN_INFINITE_RECURSION = YES;
				CLANG_WARN_INT_CONVERSION = YES;
				CLANG_WARN_NON_LITERAL_NULL_CONVERSION = YES;
				CLANG_WARN_OBJC_IMPLICIT_RETAIN_SELF = YES;
				CLANG_WARN_OBJC_LITERAL_CONVERSION = YES;
				CLANG_WARN_OBJC_ROOT_CLASS = YES_ERROR;
				CLANG_WARN_QUOTED_INCLUDE_IN_FRAMEWORK_HEADER = YES;
				CLANG_WARN_RANGE_LOOP_ANALYSIS = YES;
				CLANG_WARN_STRICT_PROTOTYPES = YES;
				CLANG_WARN_SUSPICIOUS_MOVE = YES;
				CLANG_WARN_UNGUARDED_AVAILABILITY = YES_AGGRESSIVE;
				CLANG_WARN_UNREACHABLE_CODE = YES;
				CLANG_WARN__DUPLICATE_METHOD_MATCH = YES;
				COPY_PHASE_STRIP = NO;
				DEBUG_INFORMATION_FORMAT = dwarf;
				ENABLE_STRICT_OBJC_MSGSEND = YES;
				ENABLE_TESTABILITY = YES;
				GCC_C_LANGUAGE_STANDARD = gnu11;
				GCC_DYNAMIC_NO_PIC = NO;
				GCC_NO_COMMON_BLOCKS = YES;
				GCC_OPTIMIZATION_LEVEL = 0;
				GCC_PREPROCESSOR_DEFINITIONS = (
					"DEBUG=1",
					"$(inherited)",
				);
				GCC_WARN_64_TO_32_BIT_CONVERSION = YES;
				GCC_WARN_ABOUT_RETURN_TYPE = YES_ERROR;
				GCC_WARN_UNDECLARED_SELECTOR = YES;
				GCC_WARN_UNINITIALIZED_AUTOS = YES_AGGRESSIVE;
				GCC_WARN_UNUSED_FUNCTION = YES;
				GCC_WARN_UNUSED_VARIABLE = YES;
				IPHONEOS_DEPLOYMENT_TARGET = 16.4;
				MTL_ENABLE_DEBUG_INFO = INCLUDE_SOURCE;
				MTL_FAST_MATH = YES;
				ONLY_ACTIVE_ARCH = YES;
				SDKROOT = iphoneos;
				SWIFT_ACTIVE_COMPILATION_CONDITIONS = DEBUG;
				SWIFT_OPTIMIZATION_LEVEL = "-Onone";
			};
			name = Debug;
		};
		DC3FFED72A617AC300F3E640 /* Release */ = {
			isa = XCBuildConfiguration;
			buildSettings = {
				ALWAYS_SEARCH_USER_PATHS = NO;
				CLANG_ANALYZER_NONNULL = YES;
				CLANG_ANALYZER_NUMBER_OBJECT_CONVERSION = YES_AGGRESSIVE;
				CLANG_CXX_LANGUAGE_STANDARD = "gnu++20";
				CLANG_ENABLE_MODULES = YES;
				CLANG_ENABLE_OBJC_ARC = YES;
				CLANG_ENABLE_OBJC_WEAK = YES;
				CLANG_WARN_BLOCK_CAPTURE_AUTORELEASING = YES;
				CLANG_WARN_BOOL_CONVERSION = YES;
				CLANG_WARN_COMMA = YES;
				CLANG_WARN_CONSTANT_CONVERSION = YES;
				CLANG_WARN_DEPRECATED_OBJC_IMPLEMENTATIONS = YES;
				CLANG_WARN_DIRECT_OBJC_ISA_USAGE = YES_ERROR;
				CLANG_WARN_DOCUMENTATION_COMMENTS = YES;
				CLANG_WARN_EMPTY_BODY = YES;
				CLANG_WARN_ENUM_CONVERSION = YES;
				CLANG_WARN_INFINITE_RECURSION = YES;
				CLANG_WARN_INT_CONVERSION = YES;
				CLANG_WARN_NON_LITERAL_NULL_CONVERSION = YES;
				CLANG_WARN_OBJC_IMPLICIT_RETAIN_SELF = YES;
				CLANG_WARN_OBJC_LITERAL_CONVERSION = YES;
				CLANG_WARN_OBJC_ROOT_CLASS = YES_ERROR;
				CLANG_WARN_QUOTED_INCLUDE_IN_FRAMEWORK_HEADER = YES;
				CLANG_WARN_RANGE_LOOP_ANALYSIS = YES;
				CLANG_WARN_STRICT_PROTOTYPES = YES;
				CLANG_WARN_SUSPICIOUS_MOVE = YES;
				CLANG_WARN_UNGUARDED_AVAILABILITY = YES_AGGRESSIVE;
				CLANG_WARN_UNREACHABLE_CODE = YES;
				CLANG_WARN__DUPLICATE_METHOD_MATCH = YES;
				COPY_PHASE_STRIP = NO;
				DEBUG_INFORMATION_FORMAT = "dwarf-with-dsym";
				ENABLE_NS_ASSERTIONS = NO;
				ENABLE_STRICT_OBJC_MSGSEND = YES;
				GCC_C_LANGUAGE_STANDARD = gnu11;
				GCC_NO_COMMON_BLOCKS = YES;
				GCC_WARN_64_TO_32_BIT_CONVERSION = YES;
				GCC_WARN_ABOUT_RETURN_TYPE = YES_ERROR;
				GCC_WARN_UNDECLARED_SELECTOR = YES;
				GCC_WARN_UNINITIALIZED_AUTOS = YES_AGGRESSIVE;
				GCC_WARN_UNUSED_FUNCTION = YES;
				GCC_WARN_UNUSED_VARIABLE = YES;
				IPHONEOS_DEPLOYMENT_TARGET = 16.4;
				MTL_ENABLE_DEBUG_INFO = NO;
				MTL_FAST_MATH = YES;
				SDKROOT = iphoneos;
				SWIFT_COMPILATION_MODE = wholemodule;
				SWIFT_OPTIMIZATION_LEVEL = "-O";
				VALIDATE_PRODUCT = YES;
			};
			name = Release;
		};
		DC3FFED92A617AC300F3E640 /* Debug */ = {
			isa = XCBuildConfiguration;
			buildSettings = {
				ASSETCATALOG_COMPILER_APPICON_NAME = AppIcon;
				ASSETCATALOG_COMPILER_GLOBAL_ACCENT_COLOR_NAME = AccentColor;
				CODE_SIGN_STYLE = Automatic;
				CURRENT_PROJECT_VERSION = 1;
				DEVELOPMENT_TEAM = 463BUVCTYF;
				GENERATE_INFOPLIST_FILE = YES;
				INFOPLIST_FILE = "Course 1. Lesson 2/Info.plist";
				INFOPLIST_KEY_UIApplicationSupportsIndirectInputEvents = YES;
				INFOPLIST_KEY_UILaunchStoryboardName = LaunchScreen;
				INFOPLIST_KEY_UISupportedInterfaceOrientations_iPad = "UIInterfaceOrientationPortrait UIInterfaceOrientationPortraitUpsideDown UIInterfaceOrientationLandscapeLeft UIInterfaceOrientationLandscapeRight";
				INFOPLIST_KEY_UISupportedInterfaceOrientations_iPhone = "UIInterfaceOrientationPortrait UIInterfaceOrientationLandscapeLeft UIInterfaceOrientationLandscapeRight";
				LD_RUNPATH_SEARCH_PATHS = (
					"$(inherited)",
					"@executable_path/Frameworks",
				);
				MARKETING_VERSION = 1.0;
				PRODUCT_BUNDLE_IDENTIFIER = "com.elpablo.Course-1--Lesson-2";
				PRODUCT_NAME = "$(TARGET_NAME)";
				SWIFT_EMIT_LOC_STRINGS = YES;
				SWIFT_VERSION = 5.0;
				TARGETED_DEVICE_FAMILY = "1,2";
			};
			name = Debug;
		};
		DC3FFEDA2A617AC300F3E640 /* Release */ = {
			isa = XCBuildConfiguration;
			buildSettings = {
				ASSETCATALOG_COMPILER_APPICON_NAME = AppIcon;
				ASSETCATALOG_COMPILER_GLOBAL_ACCENT_COLOR_NAME = AccentColor;
				CODE_SIGN_STYLE = Automatic;
				CURRENT_PROJECT_VERSION = 1;
				DEVELOPMENT_TEAM = 463BUVCTYF;
				GENERATE_INFOPLIST_FILE = YES;
				INFOPLIST_FILE = "Course 1. Lesson 2/Info.plist";
				INFOPLIST_KEY_UIApplicationSupportsIndirectInputEvents = YES;
				INFOPLIST_KEY_UILaunchStoryboardName = LaunchScreen;
				INFOPLIST_KEY_UISupportedInterfaceOrientations_iPad = "UIInterfaceOrientationPortrait UIInterfaceOrientationPortraitUpsideDown UIInterfaceOrientationLandscapeLeft UIInterfaceOrientationLandscapeRight";
				INFOPLIST_KEY_UISupportedInterfaceOrientations_iPhone = "UIInterfaceOrientationPortrait UIInterfaceOrientationLandscapeLeft UIInterfaceOrientationLandscapeRight";
				LD_RUNPATH_SEARCH_PATHS = (
					"$(inherited)",
					"@executable_path/Frameworks",
				);
				MARKETING_VERSION = 1.0;
				PRODUCT_BUNDLE_IDENTIFIER = "com.elpablo.Course-1--Lesson-2";
				PRODUCT_NAME = "$(TARGET_NAME)";
				SWIFT_EMIT_LOC_STRINGS = YES;
				SWIFT_VERSION = 5.0;
				TARGETED_DEVICE_FAMILY = "1,2";
			};
			name = Release;
		};
/* End XCBuildConfiguration section */

/* Begin XCConfigurationList section */
		DC3FFEBF2A617ABF00F3E640 /* Build configuration list for PBXProject "Course 1. Lesson 2" */ = {
			isa = XCConfigurationList;
			buildConfigurations = (
				DC3FFED62A617AC300F3E640 /* Debug */,
				DC3FFED72A617AC300F3E640 /* Release */,
			);
			defaultConfigurationIsVisible = 0;
			defaultConfigurationName = Release;
		};
		DC3FFED82A617AC300F3E640 /* Build configuration list for PBXNativeTarget "Course 1. Lesson 2" */ = {
			isa = XCConfigurationList;
			buildConfigurations = (
				DC3FFED92A617AC300F3E640 /* Debug */,
				DC3FFEDA2A617AC300F3E640 /* Release */,
			);
			defaultConfigurationIsVisible = 0;
			defaultConfigurationName = Release;
		};
/* End XCConfigurationList section */
	};
	rootObject = DC3FFEBC2A617ABF00F3E640 /* Project object */;
}
